
Microsoft Visual Studio Solution File, Format Version 12.00
# Visual Studio Version 17
VisualStudioVersion = 17.5.33516.290
MinimumVisualStudioVersion = 10.0.40219.1
Project("{888888A0-9F3D-457C-B088-3A5042F75D52}") = "Tic-Tac-Toe", "Tic-Tac-Toe.pyproj", "{28EA2432-B622-430B-B871-ED1626E480DF}"
EndProject
Global
	GlobalSection(SolutionConfigurationPlatforms) = preSolution
		Debug|Any CPU = Debug|Any CPU
		Release|Any CPU = Release|Any CPU
	EndGlobalSection
	GlobalSection(ProjectConfigurationPlatforms) = postSolution
		{28EA2432-B622-430B-B871-ED1626E480DF}.Debug|Any CPU.ActiveCfg = Debug|Any CPU
		{28EA2432-B622-430B-B871-ED1626E480DF}.Release|Any CPU.ActiveCfg = Release|Any CPU
	EndGlobalSection
	GlobalSection(SolutionProperties) = preSolution
		HideSolutionNode = FALSE
	EndGlobalSection
	GlobalSection(ExtensibilityGlobals) = postSolution
		SolutionGuid = {66A14DEA-F1E5-41F9-9F72-8EF19875B028}
	EndGlobalSection
EndGlobal
